github.com/fatih/structs v1.1.0 h1:Q7juDM0QtcnhCpeyLGQKyg4TOIghuNXrkL32pHAUMxo=
github.com/fatih/structs v1.1.0/go.mod h1:9NiDSp5zOcgEDl+j00MP/WkGVPOlPRLejGD8Ga6PJ7M=
github.com/google/uuid v1.6.0 h1:NIvaJDMOsjHA8n1jAhLSgzrAzy1Hgr+hNrb57e+94F0=
github.com/google/uuid v1.6.0/go.mod h1:TIyPZe4MgqvfeYDBFedMoGGpEw/LqOeaOT+nhxU+yHo=
github.com/shymine/collectionsutils v0.0.0-20240726181414-a7fc35a75d64 h1:/+y2mlOXZ3hoBB8D7dRJhyXdI07ols+1y83DwJ54yjA=
github.com/shymine/collectionsutils v0.0.0-20240726181414-a7fc35a75d64/go.mod h1:UjKutJwDCgCjMIl5YL0iuND88GB/DkWr5m5L+KIbBIY=
github.com/shymine/collectionsutils v0.0.0-20240729122517-a9f338c95faa h1:oPwWBQpCdC8Yfch9Eqj99xKelUg/Yy3v9f2ttHw/T9E=
github.com/shymine/collectionsutils v0.0.0-20240729122517-a9f338c95faa/go.mod h1:UjKutJwDCgCjMIl5YL0iuND88GB/DkWr5m5L+KIbBIY=
golang.org/x/exp v0.0.0-20240719175910-8a7402abbf56 h1:2dVuKD2vS7b0QIHQbpyTISPd0LeHDbnYEryqj5Q1ug8=
golang.org/x/exp v0.0.0-20240719175910-8a7402abbf56/go.mod h1:M4RDyNAINzryxdtnbRXRL/OHtkFuWGRjvuhBJpk2IlY=
